
Microsoft Visual Studio Solution File, Format Version 12.00
# Visual Studio Version 17
VisualStudioVersion = 17.5.33502.453
MinimumVisualStudioVersion = 10.0.40219.1
Project("{FAE04EC0-301F-11D3-BF4B-00C04F79EFBC}") = "MiddleEarthBank", "MiddleEarthBank\MiddleEarthBank.csproj", "{B962795C-F36E-4635-9C82-8494771FF989}"
EndProject
Global
	GlobalSection(SolutionConfigurationPlatforms) = preSolution
		Debug|Any CPU = Debug|Any CPU
		Release|Any CPU = Release|Any CPU
	EndGlobalSection
	GlobalSection(ProjectConfigurationPlatforms) = postSolution
		{B962795C-F36E-4635-9C82-8494771FF989}.Debug|Any CPU.ActiveCfg = Debug|Any CPU
		{B962795C-F36E-4635-9C82-8494771FF989}.Debug|Any CPU.Build.0 = Debug|Any CPU
		{B962795C-F36E-4635-9C82-8494771FF989}.Release|Any CPU.ActiveCfg = Release|Any CPU
		{B962795C-F36E-4635-9C82-8494771FF989}.Release|Any CPU.Build.0 = Release|Any CPU
	EndGlobalSection
	GlobalSection(SolutionProperties) = preSolution
		HideSolutionNode = FALSE
	EndGlobalSection
	GlobalSection(ExtensibilityGlobals) = postSolution
		SolutionGuid = {51B63624-AA36-4BC7-824A-BC327753F1E6}
	EndGlobalSection
EndGlobal
